
Microsoft Visual Studio Solution File, Format Version 12.00
# Visual Studio 2013
VisualStudioVersion = 12.0.31101.0
MinimumVisualStudioVersion = 10.0.40219.1
Project("{FAE04EC0-301F-11D3-BF4B-00C04F79EFBC}") = "USElectionAnalysis", "USElectionAnalysis\USElectionAnalysis.csproj", "{1FA01774-0C92-4919-9ED5-BCD993A29774}"
EndProject
Project("{FAE04EC0-301F-11D3-BF4B-00C04F79EFBC}") = "FixFormattingOfTweetJudgements", "FixFormattingOfTweetJudgements\FixFormattingOfTweetJudgements.csproj", "{FD75A5D4-49E6-4F8C-809F-94D8CD8280CA}"
EndProject
Project("{FAE04EC0-301F-11D3-BF4B-00C04F79EFBC}") = "PredictTweetSentiment", "PredictTweetSentiment\PredictTweetSentiment.csproj", "{0B67ACD0-3CC6-4CB5-95D8-60EC338C7E03}"
EndProject
Project("{FAE04EC0-301F-11D3-BF4B-00C04F79EFBC}") = "ParseAndFormatProfiles", "ParseAndFormatProfiles\ParseAndFormatProfiles.csproj", "{7A745FB7-B469-4C8A-87CA-246674AA088F}"
EndProject
Global
	GlobalSection(SolutionConfigurationPlatforms) = preSolution
		Debug|Any CPU = Debug|Any CPU
		Release|Any CPU = Release|Any CPU
	EndGlobalSection
	GlobalSection(ProjectConfigurationPlatforms) = postSolution
		{1FA01774-0C92-4919-9ED5-BCD993A29774}.Debug|Any CPU.ActiveCfg = Debug|Any CPU
		{1FA01774-0C92-4919-9ED5-BCD993A29774}.Debug|Any CPU.Build.0 = Debug|Any CPU
		{1FA01774-0C92-4919-9ED5-BCD993A29774}.Release|Any CPU.ActiveCfg = Release|Any CPU
		{1FA01774-0C92-4919-9ED5-BCD993A29774}.Release|Any CPU.Build.0 = Release|Any CPU
		{FD75A5D4-49E6-4F8C-809F-94D8CD8280CA}.Debug|Any CPU.ActiveCfg = Debug|Any CPU
		{FD75A5D4-49E6-4F8C-809F-94D8CD8280CA}.Debug|Any CPU.Build.0 = Debug|Any CPU
		{FD75A5D4-49E6-4F8C-809F-94D8CD8280CA}.Release|Any CPU.ActiveCfg = Release|Any CPU
		{FD75A5D4-49E6-4F8C-809F-94D8CD8280CA}.Release|Any CPU.Build.0 = Release|Any CPU
		{0B67ACD0-3CC6-4CB5-95D8-60EC338C7E03}.Debug|Any CPU.ActiveCfg = Debug|Any CPU
		{0B67ACD0-3CC6-4CB5-95D8-60EC338C7E03}.Debug|Any CPU.Build.0 = Debug|Any CPU
		{0B67ACD0-3CC6-4CB5-95D8-60EC338C7E03}.Release|Any CPU.ActiveCfg = Release|Any CPU
		{0B67ACD0-3CC6-4CB5-95D8-60EC338C7E03}.Release|Any CPU.Build.0 = Release|Any CPU
		{7A745FB7-B469-4C8A-87CA-246674AA088F}.Debug|Any CPU.ActiveCfg = Debug|Any CPU
		{7A745FB7-B469-4C8A-87CA-246674AA088F}.Debug|Any CPU.Build.0 = Debug|Any CPU
		{7A745FB7-B469-4C8A-87CA-246674AA088F}.Release|Any CPU.ActiveCfg = Release|Any CPU
		{7A745FB7-B469-4C8A-87CA-246674AA088F}.Release|Any CPU.Build.0 = Release|Any CPU
	EndGlobalSection
	GlobalSection(SolutionProperties) = preSolution
		HideSolutionNode = FALSE
	EndGlobalSection
EndGlobal
