
Microsoft Visual Studio Solution File, Format Version 12.00
# Visual Studio 14
VisualStudioVersion = 14.0.25420.1
MinimumVisualStudioVersion = 10.0.40219.1
Project("{FAE04EC0-301F-11D3-BF4B-00C04F79EFBC}") = "ScrapeVotersList", "ScrapeVotersList\ScrapeVotersList.csproj", "{508438AD-A11D-4D92-A7BD-0EEF0C9DA5DB}"
EndProject
Project("{FAE04EC0-301F-11D3-BF4B-00C04F79EFBC}") = "CombineVoterLists", "CombineVoterLists\CombineVoterLists.csproj", "{454A9DC2-466F-429E-BDC1-48E85F148497}"
EndProject
Project("{FAE04EC0-301F-11D3-BF4B-00C04F79EFBC}") = "ReadHtmlQuantitativeData", "ReadHtmlQuantitativeData\ReadHtmlQuantitativeData.csproj", "{E295C68F-6EBE-4F07-8C87-359EC5715599}"
EndProject
Project("{FAE04EC0-301F-11D3-BF4B-00C04F79EFBC}") = "BiharElectionsLibrary", "BiharElectionsLibrary\BiharElectionsLibrary.csproj", "{92B370C7-179A-4FD7-981A-1AF1D66DB55E}"
EndProject
Project("{FAE04EC0-301F-11D3-BF4B-00C04F79EFBC}") = "QualitativeDataAnalysis", "QualitativeDataAnalysis\QualitativeDataAnalysis.csproj", "{8993AD02-EA00-4989-AB8C-5BF9B75DE201}"
EndProject
Project("{FAE04EC0-301F-11D3-BF4B-00C04F79EFBC}") = "ScrapePollingBooths", "ScrapePollingBooths\ScrapePollingBooths.csproj", "{0AF7FE5C-D31D-479C-8A3C-DCF1487C9B52}"
EndProject
Project("{FAE04EC0-301F-11D3-BF4B-00C04F79EFBC}") = "ScrapeCensusData", "ScrapeCensusData\ScrapeCensusData.csproj", "{4FBA3ED5-3A08-4616-BFA2-DF1ADB8087F0}"
EndProject
Project("{FAE04EC0-301F-11D3-BF4B-00C04F79EFBC}") = "GenerateDataForR", "GenerateDataForR\GenerateDataForR.csproj", "{048EF528-55FE-4E8F-84C7-5D8063938F3B}"
EndProject
Project("{FAE04EC0-301F-11D3-BF4B-00C04F79EFBC}") = "ScrapeIndiaVotes", "ScrapeIndiaVotes\ScrapeIndiaVotes.csproj", "{EC8B94C5-B373-4E41-A8F7-B68755BE2D16}"
EndProject
Project("{FAE04EC0-301F-11D3-BF4B-00C04F79EFBC}") = "ElectionDataContracts", "ElectionDataContracts\ElectionDataContracts.csproj", "{0E6482A5-5061-49EC-812B-5010C6A13259}"
EndProject
Project("{FAE04EC0-301F-11D3-BF4B-00C04F79EFBC}") = "CVoterLibrary", "CVoterLibrary\CVoterLibrary.csproj", "{3C67F338-CAF8-417B-B1A7-4F0B83A9DECE}"
EndProject
Project("{FAE04EC0-301F-11D3-BF4B-00C04F79EFBC}") = "CVoterContracts", "CVoterContracts\CVoterContracts.csproj", "{37F5193B-AE96-4DE8-91D1-39448249CEFA}"
EndProject
Project("{FAE04EC0-301F-11D3-BF4B-00C04F79EFBC}") = "HtmlUtils", "HtmlUtils\HtmlUtils.csproj", "{373ED4DC-1286-48DA-A180-4EC189C1129F}"
EndProject
Project("{FAE04EC0-301F-11D3-BF4B-00C04F79EFBC}") = "ExtractFeatures", "ExtractFeatures\ExtractFeatures.csproj", "{3308BFA8-A827-47E3-9D27-027F082929CF}"
EndProject
Project("{FAE04EC0-301F-11D3-BF4B-00C04F79EFBC}") = "ScrapeCVoterData", "ScrapeCVoterData\ScrapeCVoterData.csproj", "{364E4CC6-ABB2-415A-B746-453799E625E0}"
EndProject
Project("{FAE04EC0-301F-11D3-BF4B-00C04F79EFBC}") = "ParseCandidateList", "ParseCandidateList\ParseCandidateList.csproj", "{BD2C3B6B-52D1-4231-9A01-56A37AFD314D}"
EndProject
Project("{FAE04EC0-301F-11D3-BF4B-00C04F79EFBC}") = "PostPollAnalysis", "PostPollAnalysis\PostPollAnalysis.csproj", "{50DC3DB6-E134-42B6-B0B2-FEE775F14F31}"
EndProject
Project("{FAE04EC0-301F-11D3-BF4B-00C04F79EFBC}") = "KarnatakaElections", "KarnatakaElections\KarnatakaElections.csproj", "{FD65557A-780E-4F2F-BD8A-BBE15CFD7A76}"
EndProject
Global
	GlobalSection(SolutionConfigurationPlatforms) = preSolution
		Debug|Any CPU = Debug|Any CPU
		Debug|Mixed Platforms = Debug|Mixed Platforms
		Release|Any CPU = Release|Any CPU
		Release|Mixed Platforms = Release|Mixed Platforms
	EndGlobalSection
	GlobalSection(ProjectConfigurationPlatforms) = postSolution
		{508438AD-A11D-4D92-A7BD-0EEF0C9DA5DB}.Debug|Any CPU.ActiveCfg = Debug|x86
		{508438AD-A11D-4D92-A7BD-0EEF0C9DA5DB}.Debug|Mixed Platforms.ActiveCfg = Debug|x86
		{508438AD-A11D-4D92-A7BD-0EEF0C9DA5DB}.Debug|Mixed Platforms.Build.0 = Debug|x86
		{508438AD-A11D-4D92-A7BD-0EEF0C9DA5DB}.Release|Any CPU.ActiveCfg = Debug|x86
		{508438AD-A11D-4D92-A7BD-0EEF0C9DA5DB}.Release|Mixed Platforms.ActiveCfg = Debug|x86
		{508438AD-A11D-4D92-A7BD-0EEF0C9DA5DB}.Release|Mixed Platforms.Build.0 = Debug|x86
		{454A9DC2-466F-429E-BDC1-48E85F148497}.Debug|Any CPU.ActiveCfg = Debug|x86
		{454A9DC2-466F-429E-BDC1-48E85F148497}.Debug|Mixed Platforms.ActiveCfg = Debug|x86
		{454A9DC2-466F-429E-BDC1-48E85F148497}.Debug|Mixed Platforms.Build.0 = Debug|x86
		{454A9DC2-466F-429E-BDC1-48E85F148497}.Release|Any CPU.ActiveCfg = Debug|x86
		{454A9DC2-466F-429E-BDC1-48E85F148497}.Release|Mixed Platforms.ActiveCfg = Debug|x86
		{454A9DC2-466F-429E-BDC1-48E85F148497}.Release|Mixed Platforms.Build.0 = Debug|x86
		{E295C68F-6EBE-4F07-8C87-359EC5715599}.Debug|Any CPU.ActiveCfg = Debug|Any CPU
		{E295C68F-6EBE-4F07-8C87-359EC5715599}.Debug|Any CPU.Build.0 = Debug|Any CPU
		{E295C68F-6EBE-4F07-8C87-359EC5715599}.Debug|Mixed Platforms.ActiveCfg = Debug|Any CPU
		{E295C68F-6EBE-4F07-8C87-359EC5715599}.Debug|Mixed Platforms.Build.0 = Debug|Any CPU
		{E295C68F-6EBE-4F07-8C87-359EC5715599}.Release|Any CPU.ActiveCfg = Release|Any CPU
		{E295C68F-6EBE-4F07-8C87-359EC5715599}.Release|Any CPU.Build.0 = Release|Any CPU
		{E295C68F-6EBE-4F07-8C87-359EC5715599}.Release|Mixed Platforms.ActiveCfg = Release|Any CPU
		{E295C68F-6EBE-4F07-8C87-359EC5715599}.Release|Mixed Platforms.Build.0 = Release|Any CPU
		{92B370C7-179A-4FD7-981A-1AF1D66DB55E}.Debug|Any CPU.ActiveCfg = Debug|Any CPU
		{92B370C7-179A-4FD7-981A-1AF1D66DB55E}.Debug|Any CPU.Build.0 = Debug|Any CPU
		{92B370C7-179A-4FD7-981A-1AF1D66DB55E}.Debug|Mixed Platforms.ActiveCfg = Debug|Any CPU
		{92B370C7-179A-4FD7-981A-1AF1D66DB55E}.Debug|Mixed Platforms.Build.0 = Debug|Any CPU
		{92B370C7-179A-4FD7-981A-1AF1D66DB55E}.Release|Any CPU.ActiveCfg = Debug|Any CPU
		{92B370C7-179A-4FD7-981A-1AF1D66DB55E}.Release|Any CPU.Build.0 = Debug|Any CPU
		{92B370C7-179A-4FD7-981A-1AF1D66DB55E}.Release|Mixed Platforms.ActiveCfg = Debug|Any CPU
		{92B370C7-179A-4FD7-981A-1AF1D66DB55E}.Release|Mixed Platforms.Build.0 = Debug|Any CPU
		{8993AD02-EA00-4989-AB8C-5BF9B75DE201}.Debug|Any CPU.ActiveCfg = Debug|x86
		{8993AD02-EA00-4989-AB8C-5BF9B75DE201}.Debug|Mixed Platforms.ActiveCfg = Debug|x86
		{8993AD02-EA00-4989-AB8C-5BF9B75DE201}.Debug|Mixed Platforms.Build.0 = Debug|x86
		{8993AD02-EA00-4989-AB8C-5BF9B75DE201}.Release|Any CPU.ActiveCfg = Debug|x86
		{8993AD02-EA00-4989-AB8C-5BF9B75DE201}.Release|Mixed Platforms.ActiveCfg = Debug|x86
		{8993AD02-EA00-4989-AB8C-5BF9B75DE201}.Release|Mixed Platforms.Build.0 = Debug|x86
		{0AF7FE5C-D31D-479C-8A3C-DCF1487C9B52}.Debug|Any CPU.ActiveCfg = Debug|x86
		{0AF7FE5C-D31D-479C-8A3C-DCF1487C9B52}.Debug|Mixed Platforms.ActiveCfg = Debug|x86
		{0AF7FE5C-D31D-479C-8A3C-DCF1487C9B52}.Debug|Mixed Platforms.Build.0 = Debug|x86
		{0AF7FE5C-D31D-479C-8A3C-DCF1487C9B52}.Release|Any CPU.ActiveCfg = Debug|x86
		{0AF7FE5C-D31D-479C-8A3C-DCF1487C9B52}.Release|Mixed Platforms.ActiveCfg = Debug|x86
		{0AF7FE5C-D31D-479C-8A3C-DCF1487C9B52}.Release|Mixed Platforms.Build.0 = Debug|x86
		{4FBA3ED5-3A08-4616-BFA2-DF1ADB8087F0}.Debug|Any CPU.ActiveCfg = Debug|x86
		{4FBA3ED5-3A08-4616-BFA2-DF1ADB8087F0}.Debug|Mixed Platforms.ActiveCfg = Debug|x86
		{4FBA3ED5-3A08-4616-BFA2-DF1ADB8087F0}.Debug|Mixed Platforms.Build.0 = Debug|x86
		{4FBA3ED5-3A08-4616-BFA2-DF1ADB8087F0}.Release|Any CPU.ActiveCfg = Debug|x86
		{4FBA3ED5-3A08-4616-BFA2-DF1ADB8087F0}.Release|Mixed Platforms.ActiveCfg = Debug|x86
		{4FBA3ED5-3A08-4616-BFA2-DF1ADB8087F0}.Release|Mixed Platforms.Build.0 = Debug|x86
		{048EF528-55FE-4E8F-84C7-5D8063938F3B}.Debug|Any CPU.ActiveCfg = Debug|x86
		{048EF528-55FE-4E8F-84C7-5D8063938F3B}.Debug|Mixed Platforms.ActiveCfg = Debug|x86
		{048EF528-55FE-4E8F-84C7-5D8063938F3B}.Debug|Mixed Platforms.Build.0 = Debug|x86
		{048EF528-55FE-4E8F-84C7-5D8063938F3B}.Release|Any CPU.ActiveCfg = Debug|x86
		{048EF528-55FE-4E8F-84C7-5D8063938F3B}.Release|Mixed Platforms.ActiveCfg = Debug|x86
		{048EF528-55FE-4E8F-84C7-5D8063938F3B}.Release|Mixed Platforms.Build.0 = Debug|x86
		{EC8B94C5-B373-4E41-A8F7-B68755BE2D16}.Debug|Any CPU.ActiveCfg = Debug|Any CPU
		{EC8B94C5-B373-4E41-A8F7-B68755BE2D16}.Debug|Any CPU.Build.0 = Debug|Any CPU
		{EC8B94C5-B373-4E41-A8F7-B68755BE2D16}.Debug|Mixed Platforms.ActiveCfg = Debug|Any CPU
		{EC8B94C5-B373-4E41-A8F7-B68755BE2D16}.Debug|Mixed Platforms.Build.0 = Debug|Any CPU
		{EC8B94C5-B373-4E41-A8F7-B68755BE2D16}.Release|Any CPU.ActiveCfg = Release|Any CPU
		{EC8B94C5-B373-4E41-A8F7-B68755BE2D16}.Release|Any CPU.Build.0 = Release|Any CPU
		{EC8B94C5-B373-4E41-A8F7-B68755BE2D16}.Release|Mixed Platforms.ActiveCfg = Release|Any CPU
		{EC8B94C5-B373-4E41-A8F7-B68755BE2D16}.Release|Mixed Platforms.Build.0 = Release|Any CPU
		{0E6482A5-5061-49EC-812B-5010C6A13259}.Debug|Any CPU.ActiveCfg = Debug|Any CPU
		{0E6482A5-5061-49EC-812B-5010C6A13259}.Debug|Any CPU.Build.0 = Debug|Any CPU
		{0E6482A5-5061-49EC-812B-5010C6A13259}.Debug|Mixed Platforms.ActiveCfg = Debug|Any CPU
		{0E6482A5-5061-49EC-812B-5010C6A13259}.Debug|Mixed Platforms.Build.0 = Debug|Any CPU
		{0E6482A5-5061-49EC-812B-5010C6A13259}.Release|Any CPU.ActiveCfg = Release|Any CPU
		{0E6482A5-5061-49EC-812B-5010C6A13259}.Release|Any CPU.Build.0 = Release|Any CPU
		{0E6482A5-5061-49EC-812B-5010C6A13259}.Release|Mixed Platforms.ActiveCfg = Release|Any CPU
		{0E6482A5-5061-49EC-812B-5010C6A13259}.Release|Mixed Platforms.Build.0 = Release|Any CPU
		{3C67F338-CAF8-417B-B1A7-4F0B83A9DECE}.Debug|Any CPU.ActiveCfg = Debug|Any CPU
		{3C67F338-CAF8-417B-B1A7-4F0B83A9DECE}.Debug|Any CPU.Build.0 = Debug|Any CPU
		{3C67F338-CAF8-417B-B1A7-4F0B83A9DECE}.Debug|Mixed Platforms.ActiveCfg = Debug|Any CPU
		{3C67F338-CAF8-417B-B1A7-4F0B83A9DECE}.Debug|Mixed Platforms.Build.0 = Debug|Any CPU
		{3C67F338-CAF8-417B-B1A7-4F0B83A9DECE}.Release|Any CPU.ActiveCfg = Release|Any CPU
		{3C67F338-CAF8-417B-B1A7-4F0B83A9DECE}.Release|Any CPU.Build.0 = Release|Any CPU
		{3C67F338-CAF8-417B-B1A7-4F0B83A9DECE}.Release|Mixed Platforms.ActiveCfg = Release|Any CPU
		{3C67F338-CAF8-417B-B1A7-4F0B83A9DECE}.Release|Mixed Platforms.Build.0 = Release|Any CPU
		{37F5193B-AE96-4DE8-91D1-39448249CEFA}.Debug|Any CPU.ActiveCfg = Debug|Any CPU
		{37F5193B-AE96-4DE8-91D1-39448249CEFA}.Debug|Any CPU.Build.0 = Debug|Any CPU
		{37F5193B-AE96-4DE8-91D1-39448249CEFA}.Debug|Mixed Platforms.ActiveCfg = Debug|Any CPU
		{37F5193B-AE96-4DE8-91D1-39448249CEFA}.Debug|Mixed Platforms.Build.0 = Debug|Any CPU
		{37F5193B-AE96-4DE8-91D1-39448249CEFA}.Release|Any CPU.ActiveCfg = Release|Any CPU
		{37F5193B-AE96-4DE8-91D1-39448249CEFA}.Release|Any CPU.Build.0 = Release|Any CPU
		{37F5193B-AE96-4DE8-91D1-39448249CEFA}.Release|Mixed Platforms.ActiveCfg = Release|Any CPU
		{37F5193B-AE96-4DE8-91D1-39448249CEFA}.Release|Mixed Platforms.Build.0 = Release|Any CPU
		{373ED4DC-1286-48DA-A180-4EC189C1129F}.Debug|Any CPU.ActiveCfg = Debug|Any CPU
		{373ED4DC-1286-48DA-A180-4EC189C1129F}.Debug|Any CPU.Build.0 = Debug|Any CPU
		{373ED4DC-1286-48DA-A180-4EC189C1129F}.Debug|Mixed Platforms.ActiveCfg = Debug|Any CPU
		{373ED4DC-1286-48DA-A180-4EC189C1129F}.Debug|Mixed Platforms.Build.0 = Debug|Any CPU
		{373ED4DC-1286-48DA-A180-4EC189C1129F}.Release|Any CPU.ActiveCfg = Release|Any CPU
		{373ED4DC-1286-48DA-A180-4EC189C1129F}.Release|Any CPU.Build.0 = Release|Any CPU
		{373ED4DC-1286-48DA-A180-4EC189C1129F}.Release|Mixed Platforms.ActiveCfg = Release|Any CPU
		{373ED4DC-1286-48DA-A180-4EC189C1129F}.Release|Mixed Platforms.Build.0 = Release|Any CPU
		{3308BFA8-A827-47E3-9D27-027F082929CF}.Debug|Any CPU.ActiveCfg = Debug|Any CPU
		{3308BFA8-A827-47E3-9D27-027F082929CF}.Debug|Any CPU.Build.0 = Debug|Any CPU
		{3308BFA8-A827-47E3-9D27-027F082929CF}.Debug|Mixed Platforms.ActiveCfg = Debug|Any CPU
		{3308BFA8-A827-47E3-9D27-027F082929CF}.Debug|Mixed Platforms.Build.0 = Debug|Any CPU
		{3308BFA8-A827-47E3-9D27-027F082929CF}.Release|Any CPU.ActiveCfg = Release|Any CPU
		{3308BFA8-A827-47E3-9D27-027F082929CF}.Release|Any CPU.Build.0 = Release|Any CPU
		{3308BFA8-A827-47E3-9D27-027F082929CF}.Release|Mixed Platforms.ActiveCfg = Release|Any CPU
		{3308BFA8-A827-47E3-9D27-027F082929CF}.Release|Mixed Platforms.Build.0 = Release|Any CPU
		{364E4CC6-ABB2-415A-B746-453799E625E0}.Debug|Any CPU.ActiveCfg = Debug|Any CPU
		{364E4CC6-ABB2-415A-B746-453799E625E0}.Debug|Any CPU.Build.0 = Debug|Any CPU
		{364E4CC6-ABB2-415A-B746-453799E625E0}.Debug|Mixed Platforms.ActiveCfg = Debug|Any CPU
		{364E4CC6-ABB2-415A-B746-453799E625E0}.Debug|Mixed Platforms.Build.0 = Debug|Any CPU
		{364E4CC6-ABB2-415A-B746-453799E625E0}.Release|Any CPU.ActiveCfg = Release|Any CPU
		{364E4CC6-ABB2-415A-B746-453799E625E0}.Release|Any CPU.Build.0 = Release|Any CPU
		{364E4CC6-ABB2-415A-B746-453799E625E0}.Release|Mixed Platforms.ActiveCfg = Release|Any CPU
		{364E4CC6-ABB2-415A-B746-453799E625E0}.Release|Mixed Platforms.Build.0 = Release|Any CPU
		{BD2C3B6B-52D1-4231-9A01-56A37AFD314D}.Debug|Any CPU.ActiveCfg = Debug|Any CPU
		{BD2C3B6B-52D1-4231-9A01-56A37AFD314D}.Debug|Any CPU.Build.0 = Debug|Any CPU
		{BD2C3B6B-52D1-4231-9A01-56A37AFD314D}.Debug|Mixed Platforms.ActiveCfg = Debug|Any CPU
		{BD2C3B6B-52D1-4231-9A01-56A37AFD314D}.Debug|Mixed Platforms.Build.0 = Debug|Any CPU
		{BD2C3B6B-52D1-4231-9A01-56A37AFD314D}.Release|Any CPU.ActiveCfg = Release|Any CPU
		{BD2C3B6B-52D1-4231-9A01-56A37AFD314D}.Release|Any CPU.Build.0 = Release|Any CPU
		{BD2C3B6B-52D1-4231-9A01-56A37AFD314D}.Release|Mixed Platforms.ActiveCfg = Release|Any CPU
		{BD2C3B6B-52D1-4231-9A01-56A37AFD314D}.Release|Mixed Platforms.Build.0 = Release|Any CPU
		{50DC3DB6-E134-42B6-B0B2-FEE775F14F31}.Debug|Any CPU.ActiveCfg = Debug|Any CPU
		{50DC3DB6-E134-42B6-B0B2-FEE775F14F31}.Debug|Any CPU.Build.0 = Debug|Any CPU
		{50DC3DB6-E134-42B6-B0B2-FEE775F14F31}.Debug|Mixed Platforms.ActiveCfg = Debug|Any CPU
		{50DC3DB6-E134-42B6-B0B2-FEE775F14F31}.Debug|Mixed Platforms.Build.0 = Debug|Any CPU
		{50DC3DB6-E134-42B6-B0B2-FEE775F14F31}.Release|Any CPU.ActiveCfg = Release|Any CPU
		{50DC3DB6-E134-42B6-B0B2-FEE775F14F31}.Release|Any CPU.Build.0 = Release|Any CPU
		{50DC3DB6-E134-42B6-B0B2-FEE775F14F31}.Release|Mixed Platforms.ActiveCfg = Release|Any CPU
		{50DC3DB6-E134-42B6-B0B2-FEE775F14F31}.Release|Mixed Platforms.Build.0 = Release|Any CPU
		{FD65557A-780E-4F2F-BD8A-BBE15CFD7A76}.Debug|Any CPU.ActiveCfg = Debug|Any CPU
		{FD65557A-780E-4F2F-BD8A-BBE15CFD7A76}.Debug|Any CPU.Build.0 = Debug|Any CPU
		{FD65557A-780E-4F2F-BD8A-BBE15CFD7A76}.Debug|Mixed Platforms.ActiveCfg = Debug|Any CPU
		{FD65557A-780E-4F2F-BD8A-BBE15CFD7A76}.Debug|Mixed Platforms.Build.0 = Debug|Any CPU
		{FD65557A-780E-4F2F-BD8A-BBE15CFD7A76}.Release|Any CPU.ActiveCfg = Release|Any CPU
		{FD65557A-780E-4F2F-BD8A-BBE15CFD7A76}.Release|Any CPU.Build.0 = Release|Any CPU
		{FD65557A-780E-4F2F-BD8A-BBE15CFD7A76}.Release|Mixed Platforms.ActiveCfg = Release|Any CPU
		{FD65557A-780E-4F2F-BD8A-BBE15CFD7A76}.Release|Mixed Platforms.Build.0 = Release|Any CPU
	EndGlobalSection
	GlobalSection(SolutionProperties) = preSolution
		HideSolutionNode = FALSE
	EndGlobalSection
EndGlobal
